// !$*UTF8*$!
{
	archiveVersion = 1;
	classes = {
	};
	objectVersion = 56;
	objects = {

/* Begin PBXBuildFile section */
		C0BCD9702AA3807C00D337CB /* ChessTimerApp.swift in Sources */ = {isa = PBXBuildFile; fileRef = C0BCD96F2AA3807C00D337CB /* ChessTimerApp.swift */; };
		C0BCD9722AA3807C00D337CB /* ContentView.swift in Sources */ = {isa = PBXBuildFile; fileRef = C0BCD9712AA3807C00D337CB /* ContentView.swift */; };
		C0BCD9742AA3807D00D337CB /* Assets.xcassets in Resources */ = {isa = PBXBuildFile; fileRef = C0BCD9732AA3807D00D337CB /* Assets.xcassets */; };
		C0BCD9772AA3807D00D337CB /* Preview Assets.xcassets in Resources */ = {isa = PBXBuildFile; fileRef = C0BCD9762AA3807D00D337CB /* Preview Assets.xcassets */; };
		C0BCD9812AA3807D00D337CB /* Chess_TimerTests.swift in Sources */ = {isa = PBXBuildFile; fileRef = C0BCD9802AA3807D00D337CB /* Chess_TimerTests.swift */; };
		C0BCD98B2AA3807D00D337CB /* Chess_TimerUITests.swift in Sources */ = {isa = PBXBuildFile; fileRef = C0BCD98A2AA3807D00D337CB /* Chess_TimerUITests.swift */; };
		C0BCD98D2AA3807D00D337CB /* Chess_TimerUITestsLaunchTests.swift in Sources */ = {isa = PBXBuildFile; fileRef = C0BCD98C2AA3807D00D337CB /* Chess_TimerUITestsLaunchTests.swift */; };
		C0BCD99B2AA386D900D337CB /* MenuView.swift in Sources */ = {isa = PBXBuildFile; fileRef = C0BCD99A2AA386D900D337CB /* MenuView.swift */; };
		C0BCD99D2AA3878900D337CB /* TimerView.swift in Sources */ = {isa = PBXBuildFile; fileRef = C0BCD99C2AA3878900D337CB /* TimerView.swift */; };
/* End PBXBuildFile section */

/* Begin PBXContainerItemProxy section */
		C0BCD97D2AA3807D00D337CB /* PBXContainerItemProxy */ = {
			isa = PBXContainerItemProxy;
			containerPortal = C0BCD9642AA3807C00D337CB /* Project object */;
			proxyType = 1;
			remoteGlobalIDString = C0BCD96B2AA3807C00D337CB;
			remoteInfo = "Chess Timer";
		};
		C0BCD9872AA3807D00D337CB /* PBXContainerItemProxy */ = {
			isa = PBXContainerItemProxy;
			containerPortal = C0BCD9642AA3807C00D337CB /* Project object */;
			proxyType = 1;
			remoteGlobalIDString = C0BCD96B2AA3807C00D337CB;
			remoteInfo = "Chess Timer";
		};
/* End PBXContainerItemProxy section */

/* Begin PBXFileReference section */
		C0BCD96C2AA3807C00D337CB /* Chess Timer.app */ = {isa = PBXFileReference; explicitFileType = wrapper.application; includeInIndex = 0; path = "Chess Timer.app"; sourceTree = BUILT_PRODUCTS_DIR; };
		C0BCD96F2AA3807C00D337CB /* ChessTimerApp.swift */ = {isa = PBXFileReference; lastKnownFileType = sourcecode.swift; path = ChessTimerApp.swift; sourceTree = "<group>"; };
		C0BCD9712AA3807C00D337CB /* ContentView.swift */ = {isa = PBXFileReference; lastKnownFileType = sourcecode.swift; path = ContentView.swift; sourceTree = "<group>"; };
		C0BCD9732AA3807D00D337CB /* Assets.xcassets */ = {isa = PBXFileReference; lastKnownFileType = folder.assetcatalog; path = Assets.xcassets; sourceTree = "<group>"; };
		C0BCD9762AA3807D00D337CB /* Preview Assets.xcassets */ = {isa = PBXFileReference; lastKnownFileType = folder.assetcatalog; path = "Preview Assets.xcassets"; sourceTree = "<group>"; };
		C0BCD97C2AA3807D00D337CB /* Chess TimerTests.xctest */ = {isa = PBXFileReference; explicitFileType = wrapper.cfbundle; includeInIndex = 0; path = "Chess TimerTests.xctest"; sourceTree = BUILT_PRODUCTS_DIR; };
		C0BCD9802AA3807D00D337CB /* Chess_TimerTests.swift */ = {isa = PBXFileReference; lastKnownFileType = sourcecode.swift; path = Chess_TimerTests.swift; sourceTree = "<group>"; };
		C0BCD9862AA3807D00D337CB /* Chess TimerUITests.xctest */ = {isa = PBXFileReference; explicitFileType = wrapper.cfbundle; includeInIndex = 0; path = "Chess TimerUITests.xctest"; sourceTree = BUILT_PRODUCTS_DIR; };
		C0BCD98A2AA3807D00D337CB /* Chess_TimerUITests.swift */ = {isa = PBXFileReference; lastKnownFileType = sourcecode.swift; path = Chess_TimerUITests.swift; sourceTree = "<group>"; };
		C0BCD98C2AA3807D00D337CB /* Chess_TimerUITestsLaunchTests.swift */ = {isa = PBXFileReference; lastKnownFileType = sourcecode.swift; path = Chess_TimerUITestsLaunchTests.swift; sourceTree = "<group>"; };
		C0BCD99A2AA386D900D337CB /* MenuView.swift */ = {isa = PBXFileReference; lastKnownFileType = sourcecode.swift; path = MenuView.swift; sourceTree = "<group>"; };
		C0BCD99C2AA3878900D337CB /* TimerView.swift */ = {isa = PBXFileReference; lastKnownFileType = sourcecode.swift; path = TimerView.swift; sourceTree = "<group>"; };
/* End PBXFileReference section */

/* Begin PBXFrameworksBuildPhase section */
		C0BCD9692AA3807C00D337CB /* Frameworks */ = {
			isa = PBXFrameworksBuildPhase;
			buildActionMask = 2147483647;
			files = (
			);
			runOnlyForDeploymentPostprocessing = 0;
		};
		C0BCD9792AA3807D00D337CB /* Frameworks */ = {
			isa = PBXFrameworksBuildPhase;
			buildActionMask = 2147483647;
			files = (
			);
			runOnlyForDeploymentPostprocessing = 0;
		};
		C0BCD9832AA3807D00D337CB /* Frameworks */ = {
			isa = PBXFrameworksBuildPhase;
			buildActionMask = 2147483647;
			files = (
			);
			runOnlyForDeploymentPostprocessing = 0;
		};
/* End PBXFrameworksBuildPhase section */

/* Begin PBXGroup section */
		C0BCD9632AA3807C00D337CB = {
			isa = PBXGroup;
			children = (
				C0BCD96E2AA3807C00D337CB /* Chess Timer */,
				C0BCD97F2AA3807D00D337CB /* Chess TimerTests */,
				C0BCD9892AA3807D00D337CB /* Chess TimerUITests */,
				C0BCD96D2AA3807C00D337CB /* Products */,
			);
			sourceTree = "<group>";
		};
		C0BCD96D2AA3807C00D337CB /* Products */ = {
			isa = PBXGroup;
			children = (
				C0BCD96C2AA3807C00D337CB /* Chess Timer.app */,
				C0BCD97C2AA3807D00D337CB /* Chess TimerTests.xctest */,
				C0BCD9862AA3807D00D337CB /* Chess TimerUITests.xctest */,
			);
			name = Products;
			sourceTree = "<group>";
		};
		C0BCD96E2AA3807C00D337CB /* Chess Timer */ = {
			isa = PBXGroup;
			children = (
				C0BCD9992AA3808D00D337CB /* Views */,
				C0BCD96F2AA3807C00D337CB /* ChessTimerApp.swift */,
				C0BCD9732AA3807D00D337CB /* Assets.xcassets */,
				C0BCD9752AA3807D00D337CB /* Preview Content */,
			);
			path = "Chess Timer";
			sourceTree = "<group>";
		};
		C0BCD9752AA3807D00D337CB /* Preview Content */ = {
			isa = PBXGroup;
			children = (
				C0BCD9762AA3807D00D337CB /* Preview Assets.xcassets */,
			);
			path = "Preview Content";
			sourceTree = "<group>";
		};
		C0BCD97F2AA3807D00D337CB /* Chess TimerTests */ = {
			isa = PBXGroup;
			children = (
				C0BCD9802AA3807D00D337CB /* Chess_TimerTests.swift */,
			);
			path = "Chess TimerTests";
			sourceTree = "<group>";
		};
		C0BCD9892AA3807D00D337CB /* Chess TimerUITests */ = {
			isa = PBXGroup;
			children = (
				C0BCD98A2AA3807D00D337CB /* Chess_TimerUITests.swift */,
				C0BCD98C2AA3807D00D337CB /* Chess_TimerUITestsLaunchTests.swift */,
			);
			path = "Chess TimerUITests";
			sourceTree = "<group>";
		};
		C0BCD9992AA3808D00D337CB /* Views */ = {
			isa = PBXGroup;
			children = (
				C0BCD9712AA3807C00D337CB /* ContentView.swift */,
				C0BCD99A2AA386D900D337CB /* MenuView.swift */,
				C0BCD99C2AA3878900D337CB /* TimerView.swift */,
			);
			path = Views;
			sourceTree = "<group>";
		};
/* End PBXGroup section */

/* Begin PBXNativeTarget section */
		C0BCD96B2AA3807C00D337CB /* Chess Timer */ = {
			isa = PBXNativeTarget;
			buildConfigurationList = C0BCD9902AA3807D00D337CB /* Build configuration list for PBXNativeTarget "Chess Timer" */;
			buildPhases = (
				C0BCD9682AA3807C00D337CB /* Sources */,
				C0BCD9692AA3807C00D337CB /* Frameworks */,
				C0BCD96A2AA3807C00D337CB /* Resources */,
			);
			buildRules = (
			);
			dependencies = (
			);
			name = "Chess Timer";
			productName = "Chess Timer";
			productReference = C0BCD96C2AA3807C00D337CB /* Chess Timer.app */;
			productType = "com.apple.product-type.application";
		};
		C0BCD97B2AA3807D00D337CB /* Chess TimerTests */ = {
			isa = PBXNativeTarget;
			buildConfigurationList = C0BCD9932AA3807D00D337CB /* Build configuration list for PBXNativeTarget "Chess TimerTests" */;
			buildPhases = (
				C0BCD9782AA3807D00D337CB /* Sources */,
				C0BCD9792AA3807D00D337CB /* Frameworks */,
				C0BCD97A2AA3807D00D337CB /* Resources */,
			);
			buildRules = (
			);
			dependencies = (
				C0BCD97E2AA3807D00D337CB /* PBXTargetDependency */,
			);
			name = "Chess TimerTests";
			productName = "Chess TimerTests";
			productReference = C0BCD97C2AA3807D00D337CB /* Chess TimerTests.xctest */;
			productType = "com.apple.product-type.bundle.unit-test";
		};
		C0BCD9852AA3807D00D337CB /* Chess TimerUITests */ = {
			isa = PBXNativeTarget;
			buildConfigurationList = C0BCD9962AA3807D00D337CB /* Build configuration list for PBXNativeTarget "Chess TimerUITests" */;
			buildPhases = (
				C0BCD9822AA3807D00D337CB /* Sources */,
				C0BCD9832AA3807D00D337CB /* Frameworks */,
				C0BCD9842AA3807D00D337CB /* Resources */,
			);
			buildRules = (
			);
			dependencies = (
				C0BCD9882AA3807D00D337CB /* PBXTargetDependency */,
			);
			name = "Chess TimerUITests";
			productName = "Chess TimerUITests";
			productReference = C0BCD9862AA3807D00D337CB /* Chess TimerUITests.xctest */;
			productType = "com.apple.product-type.bundle.ui-testing";
		};
/* End PBXNativeTarget section */

/* Begin PBXProject section */
		C0BCD9642AA3807C00D337CB /* Project object */ = {
			isa = PBXProject;
			attributes = {
				BuildIndependentTargetsInParallel = 1;
				LastSwiftUpdateCheck = 1430;
				LastUpgradeCheck = 1430;
				TargetAttributes = {
					C0BCD96B2AA3807C00D337CB = {
						CreatedOnToolsVersion = 14.3.1;
					};
					C0BCD97B2AA3807D00D337CB = {
						CreatedOnToolsVersion = 14.3.1;
						TestTargetID = C0BCD96B2AA3807C00D337CB;
					};
					C0BCD9852AA3807D00D337CB = {
						CreatedOnToolsVersion = 14.3.1;
						TestTargetID = C0BCD96B2AA3807C00D337CB;
					};
				};
			};
			buildConfigurationList = C0BCD9672AA3807C00D337CB /* Build configuration list for PBXProject "Chess Timer" */;
			compatibilityVersion = "Xcode 14.0";
			developmentRegion = en;
			hasScannedForEncodings = 0;
			knownRegions = (
				en,
				Base,
			);
			mainGroup = C0BCD9632AA3807C00D337CB;
			productRefGroup = C0BCD96D2AA3807C00D337CB /* Products */;
			projectDirPath = "";
			projectRoot = "";
			targets = (
				C0BCD96B2AA3807C00D337CB /* Chess Timer */,
				C0BCD97B2AA3807D00D337CB /* Chess TimerTests */,
				C0BCD9852AA3807D00D337CB /* Chess TimerUITests */,
			);
		};
/* End PBXProject section */

/* Begin PBXResourcesBuildPhase section */
		C0BCD96A2AA3807C00D337CB /* Resources */ = {
			isa = PBXResourcesBuildPhase;
			buildActionMask = 2147483647;
			files = (
				C0BCD9772AA3807D00D337CB /* Preview Assets.xcassets in Resources */,
				C0BCD9742AA3807D00D337CB /* Assets.xcassets in Resources */,
			);
			runOnlyForDeploymentPostprocessing = 0;
		};
		C0BCD97A2AA3807D00D337CB /* Resources */ = {
			isa = PBXResourcesBuildPhase;
			buildActionMask = 2147483647;
			files = (
			);
			runOnlyForDeploymentPostprocessing = 0;
		};
		C0BCD9842AA3807D00D337CB /* Resources */ = {
			isa = PBXResourcesBuildPhase;
			buildActionMask = 2147483647;
			files = (
			);
			runOnlyForDeploymentPostprocessing = 0;
		};
/* End PBXResourcesBuildPhase section */

/* Begin PBXSourcesBuildPhase section */
		C0BCD9682AA3807C00D337CB /* Sources */ = {
			isa = PBXSourcesBuildPhase;
			buildActionMask = 2147483647;
			files = (
				C0BCD9722AA3807C00D337CB /* ContentView.swift in Sources */,
				C0BCD99B2AA386D900D337CB /* MenuView.swift in Sources */,
				C0BCD99D2AA3878900D337CB /* TimerView.swift in Sources */,
				C0BCD9702AA3807C00D337CB /* ChessTimerApp.swift in Sources */,
			);
			runOnlyForDeploymentPostprocessing = 0;
		};
		C0BCD9782AA3807D00D337CB /* Sources */ = {
			isa = PBXSourcesBuildPhase;
			buildActionMask = 2147483647;
			files = (
				C0BCD9812AA3807D00D337CB /* Chess_TimerTests.swift in Sources */,
			);
			runOnlyForDeploymentPostprocessing = 0;
		};
		C0BCD9822AA3807D00D337CB /* Sources */ = {
			isa = PBXSourcesBuildPhase;
			buildActionMask = 2147483647;
			files = (
				C0BCD98B2AA3807D00D337CB /* Chess_TimerUITests.swift in Sources */,
				C0BCD98D2AA3807D00D337CB /* Chess_TimerUITestsLaunchTests.swift in Sources */,
			);
			runOnlyForDeploymentPostprocessing = 0;
		};
/* End PBXSourcesBuildPhase section */

/* Begin PBXTargetDependency section */
		C0BCD97E2AA3807D00D337CB /* PBXTargetDependency */ = {
			isa = PBXTargetDependency;
			target = C0BCD96B2AA3807C00D337CB /* Chess Timer */;
			targetProxy = C0BCD97D2AA3807D00D337CB /* PBXContainerItemProxy */;
		};
		C0BCD9882AA3807D00D337CB /* PBXTargetDependency */ = {
			isa = PBXTargetDependency;
			target = C0BCD96B2AA3807C00D337CB /* Chess Timer */;
			targetProxy = C0BCD9872AA3807D00D337CB /* PBXContainerItemProxy */;
		};
/* End PBXTargetDependency section */

/* Begin XCBuildConfiguration section */
		C0BCD98E2AA3807D00D337CB /* Debug */ = {
			isa = XCBuildConfiguration;
			buildSettings = {
				ALWAYS_SEARCH_USER_PATHS = NO;
				CLANG_ANALYZER_NONNULL = YES;
				CLANG_ANALYZER_NUMBER_OBJECT_CONVERSION = YES_AGGRESSIVE;
				CLANG_CXX_LANGUAGE_STANDARD = "gnu++20";
				CLANG_ENABLE_MODULES = YES;
				CLANG_ENABLE_OBJC_ARC = YES;
				CLANG_ENABLE_OBJC_WEAK = YES;
				CLANG_WARN_BLOCK_CAPTURE_AUTORELEASING = YES;
				CLANG_WARN_BOOL_CONVERSION = YES;
				CLANG_WARN_COMMA = YES;
				CLANG_WARN_CONSTANT_CONVERSION = YES;
				CLANG_WARN_DEPRECATED_OBJC_IMPLEMENTATIONS = YES;
				CLANG_WARN_DIRECT_OBJC_ISA_USAGE = YES_ERROR;
				CLANG_WARN_DOCUMENTATION_COMMENTS = YES;
				CLANG_WARN_EMPTY_BODY = YES;
				CLANG_WARN_ENUM_CONVERSION = YES;
				CLANG_WARN_INFINITE_RECURSION = YES;
				CLANG_WARN_INT_CONVERSION = YES;
				CLANG_WARN_NON_LITERAL_NULL_CONVERSION = YES;
				CLANG_WARN_OBJC_IMPLICIT_RETAIN_SELF = YES;
				CLANG_WARN_OBJC_LITERAL_CONVERSION = YES;
				CLANG_WARN_OBJC_ROOT_CLASS = YES_ERROR;
				CLANG_WARN_QUOTED_INCLUDE_IN_FRAMEWORK_HEADER = YES;
				CLANG_WARN_RANGE_LOOP_ANALYSIS = YES;
				CLANG_WARN_STRICT_PROTOTYPES = YES;
				CLANG_WARN_SUSPICIOUS_MOVE = YES;
				CLANG_WARN_UNGUARDED_AVAILABILITY = YES_AGGRESSIVE;
				CLANG_WARN_UNREACHABLE_CODE = YES;
				CLANG_WARN__DUPLICATE_METHOD_MATCH = YES;
				COPY_PHASE_STRIP = NO;
				DEBUG_INFORMATION_FORMAT = dwarf;
				ENABLE_STRICT_OBJC_MSGSEND = YES;
				ENABLE_TESTABILITY = YES;
				GCC_C_LANGUAGE_STANDARD = gnu11;
				GCC_DYNAMIC_NO_PIC = NO;
				GCC_NO_COMMON_BLOCKS = YES;
				GCC_OPTIMIZATION_LEVEL = 0;
				GCC_PREPROCESSOR_DEFINITIONS = (
					"DEBUG=1",
					"$(inherited)",
				);
				GCC_WARN_64_TO_32_BIT_CONVERSION = YES;
				GCC_WARN_ABOUT_RETURN_TYPE = YES_ERROR;
				GCC_WARN_UNDECLARED_SELECTOR = YES;
				GCC_WARN_UNINITIALIZED_AUTOS = YES_AGGRESSIVE;
				GCC_WARN_UNUSED_FUNCTION = YES;
				GCC_WARN_UNUSED_VARIABLE = YES;
				IPHONEOS_DEPLOYMENT_TARGET = 16.4;
				MTL_ENABLE_DEBUG_INFO = INCLUDE_SOURCE;
				MTL_FAST_MATH = YES;
				ONLY_ACTIVE_ARCH = YES;
				SDKROOT = iphoneos;
				SWIFT_ACTIVE_COMPILATION_CONDITIONS = DEBUG;
				SWIFT_OPTIMIZATION_LEVEL = "-Onone";
			};
			name = Debug;
		};
		C0BCD98F2AA3807D00D337CB /* Release */ = {
			isa = XCBuildConfiguration;
			buildSettings = {
				ALWAYS_SEARCH_USER_PATHS = NO;
				CLANG_ANALYZER_NONNULL = YES;
				CLANG_ANALYZER_NUMBER_OBJECT_CONVERSION = YES_AGGRESSIVE;
				CLANG_CXX_LANGUAGE_STANDARD = "gnu++20";
				CLANG_ENABLE_MODULES = YES;
				CLANG_ENABLE_OBJC_ARC = YES;
				CLANG_ENABLE_OBJC_WEAK = YES;
				CLANG_WARN_BLOCK_CAPTURE_AUTORELEASING = YES;
				CLANG_WARN_BOOL_CONVERSION = YES;
				CLANG_WARN_COMMA = YES;
				CLANG_WARN_CONSTANT_CONVERSION = YES;
				CLANG_WARN_DEPRECATED_OBJC_IMPLEMENTATIONS = YES;
				CLANG_WARN_DIRECT_OBJC_ISA_USAGE = YES_ERROR;
				CLANG_WARN_DOCUMENTATION_COMMENTS = YES;
				CLANG_WARN_EMPTY_BODY = YES;
				CLANG_WARN_ENUM_CONVERSION = YES;
				CLANG_WARN_INFINITE_RECURSION = YES;
				CLANG_WARN_INT_CONVERSION = YES;
				CLANG_WARN_NON_LITERAL_NULL_CONVERSION = YES;
				CLANG_WARN_OBJC_IMPLICIT_RETAIN_SELF = YES;
				CLANG_WARN_OBJC_LITERAL_CONVERSION = YES;
				CLANG_WARN_OBJC_ROOT_CLASS = YES_ERROR;
				CLANG_WARN_QUOTED_INCLUDE_IN_FRAMEWORK_HEADER = YES;
				CLANG_WARN_RANGE_LOOP_ANALYSIS = YES;
				CLANG_WARN_STRICT_PROTOTYPES = YES;
				CLANG_WARN_SUSPICIOUS_MOVE = YES;
				CLANG_WARN_UNGUARDED_AVAILABILITY = YES_AGGRESSIVE;
				CLANG_WARN_UNREACHABLE_CODE = YES;
				CLANG_WARN__DUPLICATE_METHOD_MATCH = YES;
				COPY_PHASE_STRIP = NO;
				DEBUG_INFORMATION_FORMAT = "dwarf-with-dsym";
				ENABLE_NS_ASSERTIONS = NO;
				ENABLE_STRICT_OBJC_MSGSEND = YES;
				GCC_C_LANGUAGE_STANDARD = gnu11;
				GCC_NO_COMMON_BLOCKS = YES;
				GCC_WARN_64_TO_32_BIT_CONVERSION = YES;
				GCC_WARN_ABOUT_RETURN_TYPE = YES_ERROR;
				GCC_WARN_UNDECLARED_SELECTOR = YES;
				GCC_WARN_UNINITIALIZED_AUTOS = YES_AGGRESSIVE;
				GCC_WARN_UNUSED_FUNCTION = YES;
				GCC_WARN_UNUSED_VARIABLE = YES;
				IPHONEOS_DEPLOYMENT_TARGET = 16.4;
				MTL_ENABLE_DEBUG_INFO = NO;
				MTL_FAST_MATH = YES;
				SDKROOT = iphoneos;
				SWIFT_COMPILATION_MODE = wholemodule;
				SWIFT_OPTIMIZATION_LEVEL = "-O";
				VALIDATE_PRODUCT = YES;
			};
			name = Release;
		};
		C0BCD9912AA3807D00D337CB /* Debug */ = {
			isa = XCBuildConfiguration;
			buildSettings = {
				ASSETCATALOG_COMPILER_APPICON_NAME = AppIcon;
				ASSETCATALOG_COMPILER_GLOBAL_ACCENT_COLOR_NAME = AccentColor;
				CODE_SIGN_STYLE = Automatic;
				CURRENT_PROJECT_VERSION = 1;
				DEVELOPMENT_ASSET_PATHS = "\"Chess Timer/Preview Content\"";
				DEVELOPMENT_TEAM = AHLML969C8;
				ENABLE_PREVIEWS = YES;
				GENERATE_INFOPLIST_FILE = YES;
				INFOPLIST_KEY_UIApplicationSceneManifest_Generation = YES;
				INFOPLIST_KEY_UIApplicationSupportsIndirectInputEvents = YES;
				INFOPLIST_KEY_UILaunchScreen_Generation = YES;
				INFOPLIST_KEY_UISupportedInterfaceOrientations_iPad = "UIInterfaceOrientationPortrait UIInterfaceOrientationPortraitUpsideDown UIInterfaceOrientationLandscapeLeft UIInterfaceOrientationLandscapeRight";
				INFOPLIST_KEY_UISupportedInterfaceOrientations_iPhone = "UIInterfaceOrientationPortrait UIInterfaceOrientationLandscapeLeft UIInterfaceOrientationLandscapeRight";
				LD_RUNPATH_SEARCH_PATHS = (
					"$(inherited)",
					"@executable_path/Frameworks",
				);
				MARKETING_VERSION = 1.0;
				PRODUCT_BUNDLE_IDENTIFIER = "com.github.davidmahbubi.chess-timer.Chess-Timer";
				PRODUCT_NAME = "$(TARGET_NAME)";
				SWIFT_EMIT_LOC_STRINGS = YES;
				SWIFT_VERSION = 5.0;
				TARGETED_DEVICE_FAMILY = "1,2";
			};
			name = Debug;
		};
		C0BCD9922AA3807D00D337CB /* Release */ = {
			isa = XCBuildConfiguration;
			buildSettings = {
				ASSETCATALOG_COMPILER_APPICON_NAME = AppIcon;
				ASSETCATALOG_COMPILER_GLOBAL_ACCENT_COLOR_NAME = AccentColor;
				CODE_SIGN_STYLE = Automatic;
				CURRENT_PROJECT_VERSION = 1;
				DEVELOPMENT_ASSET_PATHS = "\"Chess Timer/Preview Content\"";
				DEVELOPMENT_TEAM = AHLML969C8;
				ENABLE_PREVIEWS = YES;
				GENERATE_INFOPLIST_FILE = YES;
				INFOPLIST_KEY_UIApplicationSceneManifest_Generation = YES;
				INFOPLIST_KEY_UIApplicationSupportsIndirectInputEvents = YES;
				INFOPLIST_KEY_UILaunchScreen_Generation = YES;
				INFOPLIST_KEY_UISupportedInterfaceOrientations_iPad = "UIInterfaceOrientationPortrait UIInterfaceOrientationPortraitUpsideDown UIInterfaceOrientationLandscapeLeft UIInterfaceOrientationLandscapeRight";
				INFOPLIST_KEY_UISupportedInterfaceOrientations_iPhone = "UIInterfaceOrientationPortrait UIInterfaceOrientationLandscapeLeft UIInterfaceOrientationLandscapeRight";
				LD_RUNPATH_SEARCH_PATHS = (
					"$(inherited)",
					"@executable_path/Frameworks",
				);
				MARKETING_VERSION = 1.0;
				PRODUCT_BUNDLE_IDENTIFIER = "com.github.davidmahbubi.chess-timer.Chess-Timer";
				PRODUCT_NAME = "$(TARGET_NAME)";
				SWIFT_EMIT_LOC_STRINGS = YES;
				SWIFT_VERSION = 5.0;
				TARGETED_DEVICE_FAMILY = "1,2";
			};
			name = Release;
		};
		C0BCD9942AA3807D00D337CB /* Debug */ = {
			isa = XCBuildConfiguration;
			buildSettings = {
				ALWAYS_EMBED_SWIFT_STANDARD_LIBRARIES = YES;
				BUNDLE_LOADER = "$(TEST_HOST)";
				CODE_SIGN_STYLE = Automatic;
				CURRENT_PROJECT_VERSION = 1;
				GENERATE_INFOPLIST_FILE = YES;
				IPHONEOS_DEPLOYMENT_TARGET = 16.4;
				MARKETING_VERSION = 1.0;
				PRODUCT_BUNDLE_IDENTIFIER = "com.github.davidmahbubi.chess-timer.Chess-TimerTests";
				PRODUCT_NAME = "$(TARGET_NAME)";
				SWIFT_EMIT_LOC_STRINGS = NO;
				SWIFT_VERSION = 5.0;
				TARGETED_DEVICE_FAMILY = "1,2";
				TEST_HOST = "$(BUILT_PRODUCTS_DIR)/Chess Timer.app/$(BUNDLE_EXECUTABLE_FOLDER_PATH)/Chess Timer";
			};
			name = Debug;
		};
		C0BCD9952AA3807D00D337CB /* Release */ = {
			isa = XCBuildConfiguration;
			buildSettings = {
				ALWAYS_EMBED_SWIFT_STANDARD_LIBRARIES = YES;
				BUNDLE_LOADER = "$(TEST_HOST)";
				CODE_SIGN_STYLE = Automatic;
				CURRENT_PROJECT_VERSION = 1;
				GENERATE_INFOPLIST_FILE = YES;
				IPHONEOS_DEPLOYMENT_TARGET = 16.4;
				MARKETING_VERSION = 1.0;
				PRODUCT_BUNDLE_IDENTIFIER = "com.github.davidmahbubi.chess-timer.Chess-TimerTests";
				PRODUCT_NAME = "$(TARGET_NAME)";
				SWIFT_EMIT_LOC_STRINGS = NO;
				SWIFT_VERSION = 5.0;
				TARGETED_DEVICE_FAMILY = "1,2";
				TEST_HOST = "$(BUILT_PRODUCTS_DIR)/Chess Timer.app/$(BUNDLE_EXECUTABLE_FOLDER_PATH)/Chess Timer";
			};
			name = Release;
		};
		C0BCD9972AA3807D00D337CB /* Debug */ = {
			isa = XCBuildConfiguration;
			buildSettings = {
				ALWAYS_EMBED_SWIFT_STANDARD_LIBRARIES = YES;
				CODE_SIGN_STYLE = Automatic;
				CURRENT_PROJECT_VERSION = 1;
				GENERATE_INFOPLIST_FILE = YES;
				MARKETING_VERSION = 1.0;
				PRODUCT_BUNDLE_IDENTIFIER = "com.github.davidmahbubi.chess-timer.Chess-TimerUITests";
				PRODUCT_NAME = "$(TARGET_NAME)";
				SWIFT_EMIT_LOC_STRINGS = NO;
				SWIFT_VERSION = 5.0;
				TARGETED_DEVICE_FAMILY = "1,2";
				TEST_TARGET_NAME = "Chess Timer";
			};
			name = Debug;
		};
		C0BCD9982AA3807D00D337CB /* Release */ = {
			isa = XCBuildConfiguration;
			buildSettings = {
				ALWAYS_EMBED_SWIFT_STANDARD_LIBRARIES = YES;
				CODE_SIGN_STYLE = Automatic;
				CURRENT_PROJECT_VERSION = 1;
				GENERATE_INFOPLIST_FILE = YES;
				MARKETING_VERSION = 1.0;
				PRODUCT_BUNDLE_IDENTIFIER = "com.github.davidmahbubi.chess-timer.Chess-TimerUITests";
				PRODUCT_NAME = "$(TARGET_NAME)";
				SWIFT_EMIT_LOC_STRINGS = NO;
				SWIFT_VERSION = 5.0;
				TARGETED_DEVICE_FAMILY = "1,2";
				TEST_TARGET_NAME = "Chess Timer";
			};
			name = Release;
		};
/* End XCBuildConfiguration section */

/* Begin XCConfigurationList section */
		C0BCD9672AA3807C00D337CB /* Build configuration list for PBXProject "Chess Timer" */ = {
			isa = XCConfigurationList;
			buildConfigurations = (
				C0BCD98E2AA3807D00D337CB /* Debug */,
				C0BCD98F2AA3807D00D337CB /* Release */,
			);
			defaultConfigurationIsVisible = 0;
			defaultConfigurationName = Release;
		};
		C0BCD9902AA3807D00D337CB /* Build configuration list for PBXNativeTarget "Chess Timer" */ = {
			isa = XCConfigurationList;
			buildConfigurations = (
				C0BCD9912AA3807D00D337CB /* Debug */,
				C0BCD9922AA3807D00D337CB /* Release */,
			);
			defaultConfigurationIsVisible = 0;
			defaultConfigurationName = Release;
		};
		C0BCD9932AA3807D00D337CB /* Build configuration list for PBXNativeTarget "Chess TimerTests" */ = {
			isa = XCConfigurationList;
			buildConfigurations = (
				C0BCD9942AA3807D00D337CB /* Debug */,
				C0BCD9952AA3807D00D337CB /* Release */,
			);
			defaultConfigurationIsVisible = 0;
			defaultConfigurationName = Release;
		};
		C0BCD9962AA3807D00D337CB /* Build configuration list for PBXNativeTarget "Chess TimerUITests" */ = {
			isa = XCConfigurationList;
			buildConfigurations = (
				C0BCD9972AA3807D00D337CB /* Debug */,
				C0BCD9982AA3807D00D337CB /* Release */,
			);
			defaultConfigurationIsVisible = 0;
			defaultConfigurationName = Release;
		};
/* End XCConfigurationList section */
	};
	rootObject = C0BCD9642AA3807C00D337CB /* Project object */;
}
